
Microsoft Visual Studio Solution File, Format Version 12.00
# Visual Studio 15
VisualStudioVersion = 15.0.27428.2005
MinimumVisualStudioVersion = 10.0.40219.1
Project("{9092AA53-FB77-4645-B42D-1CCCA6BD08BD}") = "MyKanban", "MyKanban\MyKanban.njsproj", "{F02CFDBC-01EE-48B6-BC85-D94CA03362C3}"
EndProject
Global
	GlobalSection(SolutionConfigurationPlatforms) = preSolution
		Debug|Any CPU = Debug|Any CPU
		Release|Any CPU = Release|Any CPU
	EndGlobalSection
	GlobalSection(ProjectConfigurationPlatforms) = postSolution
		{F02CFDBC-01EE-48B6-BC85-D94CA03362C3}.Debug|Any CPU.ActiveCfg = Debug|Any CPU
		{F02CFDBC-01EE-48B6-BC85-D94CA03362C3}.Debug|Any CPU.Build.0 = Debug|Any CPU
		{F02CFDBC-01EE-48B6-BC85-D94CA03362C3}.Release|Any CPU.ActiveCfg = Release|Any CPU
		{F02CFDBC-01EE-48B6-BC85-D94CA03362C3}.Release|Any CPU.Build.0 = Release|Any CPU
	EndGlobalSection
	GlobalSection(SolutionProperties) = preSolution
		HideSolutionNode = FALSE
	EndGlobalSection
	GlobalSection(ExtensibilityGlobals) = postSolution
		SolutionGuid = {00A28FE7-34DD-45A8-86B5-E7A37539961E}
	EndGlobalSection
EndGlobal
